{
  "name": "goxlr-util-ui",
  "version": "0.0.0",
  "lockfileVersion": 2,
  "requires": true,
  "packages": {
    "": {
      "name": "goxlr-util-ui",
      "version": "0.0.0",
      "devDependencies": {
        "@tauri-apps/cli": "^2.0.0-alpha.9"
      }
    },
    "node_modules/@tauri-apps/cli": {
      "version": "2.0.0-alpha.10",
      "resolved": "https://registry.npmjs.org/@tauri-apps/cli/-/cli-2.0.0-alpha.10.tgz",
      "integrity": "sha512-8SkTAxg5J06f7BWgJjNt1NEBPRsffmj4X+PckHX3ZguZd8xqpGtACufUg0zVqaFZPmd+9OCvoEJSP5veO4utDQ==",
      "dev": true,
      "bin": {
        "tauri": "tauri.js"
      },
      "engines": {
        "node": ">= 10"
      },
      "funding": {
        "type": "opencollective",
        "url": "https://opencollective.com/tauri"
      },
      "optionalDependencies": {
        "@tauri-apps/cli-darwin-arm64": "2.0.0-alpha.10",
        "@tauri-apps/cli-darwin-x64": "2.0.0-alpha.10",
        "@tauri-apps/cli-linux-arm-gnueabihf": "2.0.0-alpha.10",
        "@tauri-apps/cli-linux-arm64-gnu": "2.0.0-alpha.10",
        "@tauri-apps/cli-linux-arm64-musl": "2.0.0-alpha.10",
        "@tauri-apps/cli-linux-x64-gnu": "2.0.0-alpha.10",
        "@tauri-apps/cli-linux-x64-musl": "2.0.0-alpha.10",
        "@tauri-apps/cli-win32-arm64-msvc": "2.0.0-alpha.10",
        "@tauri-apps/cli-win32-ia32-msvc": "2.0.0-alpha.10",
        "@tauri-apps/cli-win32-x64-msvc": "2.0.0-alpha.10"
      }
    },
    "node_modules/@tauri-apps/cli-darwin-arm64": {
      "version": "2.0.0-alpha.10",
      "resolved": "https://registry.npmjs.org/@tauri-apps/cli-darwin-arm64/-/cli-darwin-arm64-2.0.0-alpha.10.tgz",
      "integrity": "sha512-z6DoKRUm1Yygu2Tpatu7Fej0eZejZQcsDKsHWc3b5yoIsrodxvKbko2SvYczUx4ecXWplJBTIfTZNo6ciIRRmw==",
      "cpu": [
        "arm64"
      ],
      "dev": true,
      "optional": true,
      "os": [
        "darwin"
      ],
      "engines": {
        "node": ">= 10"
      }
    },
    "node_modules/@tauri-apps/cli-darwin-x64": {
      "version": "2.0.0-alpha.10",
      "resolved": "https://registry.npmjs.org/@tauri-apps/cli-darwin-x64/-/cli-darwin-x64-2.0.0-alpha.10.tgz",
      "integrity": "sha512-xqPUC5uI6zo5+1IXSwZLj1uyRWCeZgQgpyaExGDOYBjcC8HUc2NRdFGsGVtGhFWE+HftppD9p8elJLQM90B02w==",
      "cpu": [
        "x64"
      ],
      "dev": true,
      "optional": true,
      "os": [
        "darwin"
      ],
      "engines": {
        "node": ">= 10"
      }
    },
    "node_modules/@tauri-apps/cli-linux-arm-gnueabihf": {
      "version": "2.0.0-alpha.10",
      "resolved": "https://registry.npmjs.org/@tauri-apps/cli-linux-arm-gnueabihf/-/cli-linux-arm-gnueabihf-2.0.0-alpha.10.tgz",
      "integrity": "sha512-UpjG9qpF/7fkfrBoM6N+Lo08HRAKR9k7LENAFU+zd81JestxOCs0hxuX2/lGkVydtOuSXfVvMn1W5YpGKkgp3A==",
      "cpu": [
        "arm"
      ],
      "dev": true,
      "optional": true,
      "os": [
        "linux"
      ],
      "engines": {
        "node": ">= 10"
      }
    },
    "node_modules/@tauri-apps/cli-linux-arm64-gnu": {
      "version": "2.0.0-alpha.10",
      "resolved": "https://registry.npmjs.org/@tauri-apps/cli-linux-arm64-gnu/-/cli-linux-arm64-gnu-2.0.0-alpha.10.tgz",
      "integrity": "sha512-Pc8seZINcbHDgOC0ThZ5EPUqOYbL94wEUecKkiaKn7gCl3/ZyIlRte5gizBeLwmnG4fkSLZc0UMvRilu4hGK3g==",
      "cpu": [
        "arm64"
      ],
      "dev": true,
      "optional": true,
      "os": [
        "linux"
      ],
      "engines": {
        "node": ">= 10"
      }
    },
    "node_modules/@tauri-apps/cli-linux-arm64-musl": {
      "version": "2.0.0-alpha.10",
      "resolved": "https://registry.npmjs.org/@tauri-apps/cli-linux-arm64-musl/-/cli-linux-arm64-musl-2.0.0-alpha.10.tgz",
      "integrity": "sha512-ZlaBbJq5yXP6VmNOrUGgSDnM1JcDsYf7XfVOm/kLVVrZ3iEzYA18v4SZH2kR18bU7h5+YVCPwwnfD+B8ROGidA==",
      "cpu": [
        "arm64"
      ],
      "dev": true,
      "optional": true,
      "os": [
        "linux"
      ],
      "engines": {
        "node": ">= 10"
      }
    },
    "node_modules/@tauri-apps/cli-linux-x64-gnu": {
      "version": "2.0.0-alpha.10",
      "resolved": "https://registry.npmjs.org/@tauri-apps/cli-linux-x64-gnu/-/cli-linux-x64-gnu-2.0.0-alpha.10.tgz",
      "integrity": "sha512-7fo0u56URSFZwJpwPMeNiYypbgYcT8i5KPMe1CQgWW19sJLHBMK1Kd0L8SeAZDlCPpY2coNifAdEm3C7Ca7xMQ==",
      "cpu": [
        "x64"
      ],
      "dev": true,
      "optional": true,
      "os": [
        "linux"
      ],
      "engines": {
        "node": ">= 10"
      }
    },
    "node_modules/@tauri-apps/cli-linux-x64-musl": {
      "version": "2.0.0-alpha.10",
      "resolved": "https://registry.npmjs.org/@tauri-apps/cli-linux-x64-musl/-/cli-linux-x64-musl-2.0.0-alpha.10.tgz",
      "integrity": "sha512-9lY7YJmsm7SndlIxKzj/faX/bYX1q0dib88kpxT2xW4qNt9RihTI6PST1PDce5DmEoheLU9Xp9ere8SfoHgE2A==",
      "cpu": [
        "x64"
      ],
      "dev": true,
      "optional": true,
      "os": [
        "linux"
      ],
      "engines": {
        "node": ">= 10"
      }
    },
    "node_modules/@tauri-apps/cli-win32-arm64-msvc": {
      "version": "2.0.0-alpha.10",
      "resolved": "https://registry.npmjs.org/@tauri-apps/cli-win32-arm64-msvc/-/cli-win32-arm64-msvc-2.0.0-alpha.10.tgz",
      "integrity": "sha512-tJOHIy13vjYRkfw7++aRDQEb5CVzVQKDiJ35Zg4I8YcaPExgj6LKCpDo8N8AD4RXy4SnYKzqYTt8K9xcyIonzA==",
      "cpu": [
        "arm64"
      ],
      "dev": true,
      "optional": true,
      "os": [
        "win32"
      ],
      "engines": {
        "node": ">= 10"
      }
    },
    "node_modules/@tauri-apps/cli-win32-ia32-msvc": {
      "version": "2.0.0-alpha.10",
      "resolved": "https://registry.npmjs.org/@tauri-apps/cli-win32-ia32-msvc/-/cli-win32-ia32-msvc-2.0.0-alpha.10.tgz",
      "integrity": "sha512-DN4TlOU8e6cRRVXAnldHhfDDr0ER000fojJ/Vb33fgGvaXury3jBtNyKQuoscvg6T8fLUBc72O6+4tDnXlIBwQ==",
      "cpu": [
        "ia32"
      ],
      "dev": true,
      "optional": true,
      "os": [
        "win32"
      ],
      "engines": {
        "node": ">= 10"
      }
    },
    "node_modules/@tauri-apps/cli-win32-x64-msvc": {
      "version": "2.0.0-alpha.10",
      "resolved": "https://registry.npmjs.org/@tauri-apps/cli-win32-x64-msvc/-/cli-win32-x64-msvc-2.0.0-alpha.10.tgz",
      "integrity": "sha512-H5Y+L7H24n9EVB/Dw5HHGo+wQZHTLVgWrkOwsxqssDhTPiM5CbEuyjEf/B1y8uqp4YoIlw5t7Db+GBg12KejAA==",
      "cpu": [
        "x64"
      ],
      "dev": true,
      "optional": true,
      "os": [
        "win32"
      ],
      "engines": {
        "node": ">= 10"
      }
    }
  },
  "dependencies": {
    "@tauri-apps/cli": {
      "version": "2.0.0-alpha.10",
      "resolved": "https://registry.npmjs.org/@tauri-apps/cli/-/cli-2.0.0-alpha.10.tgz",
      "integrity": "sha512-8SkTAxg5J06f7BWgJjNt1NEBPRsffmj4X+PckHX3ZguZd8xqpGtACufUg0zVqaFZPmd+9OCvoEJSP5veO4utDQ==",
      "dev": true,
      "requires": {
        "@tauri-apps/cli-darwin-arm64": "2.0.0-alpha.10",
        "@tauri-apps/cli-darwin-x64": "2.0.0-alpha.10",
        "@tauri-apps/cli-linux-arm-gnueabihf": "2.0.0-alpha.10",
        "@tauri-apps/cli-linux-arm64-gnu": "2.0.0-alpha.10",
        "@tauri-apps/cli-linux-arm64-musl": "2.0.0-alpha.10",
        "@tauri-apps/cli-linux-x64-gnu": "2.0.0-alpha.10",
        "@tauri-apps/cli-linux-x64-musl": "2.0.0-alpha.10",
        "@tauri-apps/cli-win32-arm64-msvc": "2.0.0-alpha.10",
        "@tauri-apps/cli-win32-ia32-msvc": "2.0.0-alpha.10",
        "@tauri-apps/cli-win32-x64-msvc": "2.0.0-alpha.10"
      }
    },
    "@tauri-apps/cli-darwin-arm64": {
      "version": "2.0.0-alpha.10",
      "resolved": "https://registry.npmjs.org/@tauri-apps/cli-darwin-arm64/-/cli-darwin-arm64-2.0.0-alpha.10.tgz",
      "integrity": "sha512-z6DoKRUm1Yygu2Tpatu7Fej0eZejZQcsDKsHWc3b5yoIsrodxvKbko2SvYczUx4ecXWplJBTIfTZNo6ciIRRmw==",
      "dev": true,
      "optional": true
    },
    "@tauri-apps/cli-darwin-x64": {
      "version": "2.0.0-alpha.10",
      "resolved": "https://registry.npmjs.org/@tauri-apps/cli-darwin-x64/-/cli-darwin-x64-2.0.0-alpha.10.tgz",
      "integrity": "sha512-xqPUC5uI6zo5+1IXSwZLj1uyRWCeZgQgpyaExGDOYBjcC8HUc2NRdFGsGVtGhFWE+HftppD9p8elJLQM90B02w==",
      "dev": true,
      "optional": true
    },
    "@tauri-apps/cli-linux-arm-gnueabihf": {
      "version": "2.0.0-alpha.10",
      "resolved": "https://registry.npmjs.org/@tauri-apps/cli-linux-arm-gnueabihf/-/cli-linux-arm-gnueabihf-2.0.0-alpha.10.tgz",
      "integrity": "sha512-UpjG9qpF/7fkfrBoM6N+Lo08HRAKR9k7LENAFU+zd81JestxOCs0hxuX2/lGkVydtOuSXfVvMn1W5YpGKkgp3A==",
      "dev": true,
      "optional": true
    },
    "@tauri-apps/cli-linux-arm64-gnu": {
      "version": "2.0.0-alpha.10",
      "resolved": "https://registry.npmjs.org/@tauri-apps/cli-linux-arm64-gnu/-/cli-linux-arm64-gnu-2.0.0-alpha.10.tgz",
      "integrity": "sha512-Pc8seZINcbHDgOC0ThZ5EPUqOYbL94wEUecKkiaKn7gCl3/ZyIlRte5gizBeLwmnG4fkSLZc0UMvRilu4hGK3g==",
      "dev": true,
      "optional": true
    },
    "@tauri-apps/cli-linux-arm64-musl": {
      "version": "2.0.0-alpha.10",
      "resolved": "https://registry.npmjs.org/@tauri-apps/cli-linux-arm64-musl/-/cli-linux-arm64-musl-2.0.0-alpha.10.tgz",
      "integrity": "sha512-ZlaBbJq5yXP6VmNOrUGgSDnM1JcDsYf7XfVOm/kLVVrZ3iEzYA18v4SZH2kR18bU7h5+YVCPwwnfD+B8ROGidA==",
      "dev": true,
      "optional": true
    },
    "@tauri-apps/cli-linux-x64-gnu": {
      "version": "2.0.0-alpha.10",
      "resolved": "https://registry.npmjs.org/@tauri-apps/cli-linux-x64-gnu/-/cli-linux-x64-gnu-2.0.0-alpha.10.tgz",
      "integrity": "sha512-7fo0u56URSFZwJpwPMeNiYypbgYcT8i5KPMe1CQgWW19sJLHBMK1Kd0L8SeAZDlCPpY2coNifAdEm3C7Ca7xMQ==",
      "dev": true,
      "optional": true
    },
    "@tauri-apps/cli-linux-x64-musl": {
      "version": "2.0.0-alpha.10",
      "resolved": "https://registry.npmjs.org/@tauri-apps/cli-linux-x64-musl/-/cli-linux-x64-musl-2.0.0-alpha.10.tgz",
      "integrity": "sha512-9lY7YJmsm7SndlIxKzj/faX/bYX1q0dib88kpxT2xW4qNt9RihTI6PST1PDce5DmEoheLU9Xp9ere8SfoHgE2A==",
      "dev": true,
      "optional": true
    },
    "@tauri-apps/cli-win32-arm64-msvc": {
      "version": "2.0.0-alpha.10",
      "resolved": "https://registry.npmjs.org/@tauri-apps/cli-win32-arm64-msvc/-/cli-win32-arm64-msvc-2.0.0-alpha.10.tgz",
      "integrity": "sha512-tJOHIy13vjYRkfw7++aRDQEb5CVzVQKDiJ35Zg4I8YcaPExgj6LKCpDo8N8AD4RXy4SnYKzqYTt8K9xcyIonzA==",
      "dev": true,
      "optional": true
    },
    "@tauri-apps/cli-win32-ia32-msvc": {
      "version": "2.0.0-alpha.10",
      "resolved": "https://registry.npmjs.org/@tauri-apps/cli-win32-ia32-msvc/-/cli-win32-ia32-msvc-2.0.0-alpha.10.tgz",
      "integrity": "sha512-DN4TlOU8e6cRRVXAnldHhfDDr0ER000fojJ/Vb33fgGvaXury3jBtNyKQuoscvg6T8fLUBc72O6+4tDnXlIBwQ==",
      "dev": true,
      "optional": true
    },
    "@tauri-apps/cli-win32-x64-msvc": {
      "version": "2.0.0-alpha.10",
      "resolved": "https://registry.npmjs.org/@tauri-apps/cli-win32-x64-msvc/-/cli-win32-x64-msvc-2.0.0-alpha.10.tgz",
      "integrity": "sha512-H5Y+L7H24n9EVB/Dw5HHGo+wQZHTLVgWrkOwsxqssDhTPiM5CbEuyjEf/B1y8uqp4YoIlw5t7Db+GBg12KejAA==",
      "dev": true,
      "optional": true
    }
  }
}
