{
  "name": "goxlr-utility-ui",
  "version": "0.0.3",
  "lockfileVersion": 2,
  "requires": true,
  "packages": {
    "": {
      "name": "goxlr-utility-ui",
      "version": "0.0.3",
      "devDependencies": {
        "@tauri-apps/cli": "^2.0.0-beta.12"
      }
    },
    "node_modules/@tauri-apps/cli": {
      "version": "2.0.0-beta.12",
      "resolved": "https://registry.npmjs.org/@tauri-apps/cli/-/cli-2.0.0-beta.12.tgz",
      "integrity": "sha512-MFh4Z093O+PXWI6KFR8E2zIOgpJ4zL8waDhFXVQgBpqiD4ieiqywjmbmNIWkVqYBGAia7ZI0juxpkZSyXT4f1A==",
      "dev": true,
      "bin": {
        "tauri": "tauri.js"
      },
      "engines": {
        "node": ">= 10"
      },
      "funding": {
        "type": "opencollective",
        "url": "https://opencollective.com/tauri"
      },
      "optionalDependencies": {
        "@tauri-apps/cli-darwin-arm64": "2.0.0-beta.12",
        "@tauri-apps/cli-darwin-x64": "2.0.0-beta.12",
        "@tauri-apps/cli-linux-arm-gnueabihf": "2.0.0-beta.12",
        "@tauri-apps/cli-linux-arm64-gnu": "2.0.0-beta.12",
        "@tauri-apps/cli-linux-arm64-musl": "2.0.0-beta.12",
        "@tauri-apps/cli-linux-x64-gnu": "2.0.0-beta.12",
        "@tauri-apps/cli-linux-x64-musl": "2.0.0-beta.12",
        "@tauri-apps/cli-win32-arm64-msvc": "2.0.0-beta.12",
        "@tauri-apps/cli-win32-ia32-msvc": "2.0.0-beta.12",
        "@tauri-apps/cli-win32-x64-msvc": "2.0.0-beta.12"
      }
    },
    "node_modules/@tauri-apps/cli-darwin-arm64": {
      "version": "2.0.0-beta.12",
      "resolved": "https://registry.npmjs.org/@tauri-apps/cli-darwin-arm64/-/cli-darwin-arm64-2.0.0-beta.12.tgz",
      "integrity": "sha512-+Ksrxc4QQE1R62OreCybM8PNnF090qhf+ZeRZTZ9JxOujz4Tq/RiE1vC5nRlDu+Cd3pL63fZ2TsANj2PnpN+qw==",
      "cpu": [
        "arm64"
      ],
      "dev": true,
      "optional": true,
      "os": [
        "darwin"
      ],
      "engines": {
        "node": ">= 10"
      }
    },
    "node_modules/@tauri-apps/cli-darwin-x64": {
      "version": "2.0.0-beta.12",
      "resolved": "https://registry.npmjs.org/@tauri-apps/cli-darwin-x64/-/cli-darwin-x64-2.0.0-beta.12.tgz",
      "integrity": "sha512-KEkcJp7jfWMEiRFTJ3/yJhy8EFwgJPNGnNYjKTD5CAba9wMexxs23U7YLAWdSNrbSgPAox0pBqXaSj6p2HH0Wg==",
      "cpu": [
        "x64"
      ],
      "dev": true,
      "optional": true,
      "os": [
        "darwin"
      ],
      "engines": {
        "node": ">= 10"
      }
    },
    "node_modules/@tauri-apps/cli-linux-arm-gnueabihf": {
      "version": "2.0.0-beta.12",
      "resolved": "https://registry.npmjs.org/@tauri-apps/cli-linux-arm-gnueabihf/-/cli-linux-arm-gnueabihf-2.0.0-beta.12.tgz",
      "integrity": "sha512-EUDen1XNF/WfG5hjTZ6P/8IcpYPFm2Ox/FwlBPlePKZJrc+/3IveME/oyC3wrloscodV41yL2ise4SZuJtNAHA==",
      "cpu": [
        "arm"
      ],
      "dev": true,
      "optional": true,
      "os": [
        "linux"
      ],
      "engines": {
        "node": ">= 10"
      }
    },
    "node_modules/@tauri-apps/cli-linux-arm64-gnu": {
      "version": "2.0.0-beta.12",
      "resolved": "https://registry.npmjs.org/@tauri-apps/cli-linux-arm64-gnu/-/cli-linux-arm64-gnu-2.0.0-beta.12.tgz",
      "integrity": "sha512-VUhCBB6kaQmi7MyXTRccqemmz7s5n15Z718OIW1n6wI68oh0IsvC9KsrbDfgOLZVG6RXzmtzyXwnaIFQAgl+Cg==",
      "cpu": [
        "arm64"
      ],
      "dev": true,
      "optional": true,
      "os": [
        "linux"
      ],
      "engines": {
        "node": ">= 10"
      }
    },
    "node_modules/@tauri-apps/cli-linux-arm64-musl": {
      "version": "2.0.0-beta.12",
      "resolved": "https://registry.npmjs.org/@tauri-apps/cli-linux-arm64-musl/-/cli-linux-arm64-musl-2.0.0-beta.12.tgz",
      "integrity": "sha512-eus/fGCQZPcvwEa2HH2TJh1Xb2FeeVrnxL6lQseLPkgD7Wcu5mWz07AlLCMDOreUobb5vyOmm0L7d1HMIPrvEQ==",
      "cpu": [
        "arm64"
      ],
      "dev": true,
      "optional": true,
      "os": [
        "linux"
      ],
      "engines": {
        "node": ">= 10"
      }
    },
    "node_modules/@tauri-apps/cli-linux-x64-gnu": {
      "version": "2.0.0-beta.12",
      "resolved": "https://registry.npmjs.org/@tauri-apps/cli-linux-x64-gnu/-/cli-linux-x64-gnu-2.0.0-beta.12.tgz",
      "integrity": "sha512-C4SkDnjuhFSdSgsK8KNRj2b/oe/j1vrvI8+ZxUj+/o1jK71A2eiCN8pJlyMZYCN8wZUksGazxaFz62g0jceAEg==",
      "cpu": [
        "x64"
      ],
      "dev": true,
      "optional": true,
      "os": [
        "linux"
      ],
      "engines": {
        "node": ">= 10"
      }
    },
    "node_modules/@tauri-apps/cli-linux-x64-musl": {
      "version": "2.0.0-beta.12",
      "resolved": "https://registry.npmjs.org/@tauri-apps/cli-linux-x64-musl/-/cli-linux-x64-musl-2.0.0-beta.12.tgz",
      "integrity": "sha512-V8NlJ8wgNcMfKTGOubgfjRyyJVQsZxpOZkGjdfn/YK0UNdOC6iLuqxIki47hbnoJMqvuxa37lr7Z1JVawOMUyw==",
      "cpu": [
        "x64"
      ],
      "dev": true,
      "optional": true,
      "os": [
        "linux"
      ],
      "engines": {
        "node": ">= 10"
      }
    },
    "node_modules/@tauri-apps/cli-win32-arm64-msvc": {
      "version": "2.0.0-beta.12",
      "resolved": "https://registry.npmjs.org/@tauri-apps/cli-win32-arm64-msvc/-/cli-win32-arm64-msvc-2.0.0-beta.12.tgz",
      "integrity": "sha512-dIsE5U4JRoVImW0PX9K82/dMjwugqc3DmgKbFKLYXgTFmSNaTNdojI/5VOPmbOIMJ8BNGDF8sjS80I0PZuEqvw==",
      "cpu": [
        "arm64"
      ],
      "dev": true,
      "optional": true,
      "os": [
        "win32"
      ],
      "engines": {
        "node": ">= 10"
      }
    },
    "node_modules/@tauri-apps/cli-win32-ia32-msvc": {
      "version": "2.0.0-beta.12",
      "resolved": "https://registry.npmjs.org/@tauri-apps/cli-win32-ia32-msvc/-/cli-win32-ia32-msvc-2.0.0-beta.12.tgz",
      "integrity": "sha512-vTNrGzVV/LclD+4u+IOOwl1Ia2CqwZYK6AmMLp0ROLzbSn/9ROJJYe47V5VAZrnMjThEdb9fRL0FPYPk9yDaNA==",
      "cpu": [
        "ia32"
      ],
      "dev": true,
      "optional": true,
      "os": [
        "win32"
      ],
      "engines": {
        "node": ">= 10"
      }
    },
    "node_modules/@tauri-apps/cli-win32-x64-msvc": {
      "version": "2.0.0-beta.12",
      "resolved": "https://registry.npmjs.org/@tauri-apps/cli-win32-x64-msvc/-/cli-win32-x64-msvc-2.0.0-beta.12.tgz",
      "integrity": "sha512-Z/++lJ1FraoN1ZaNxYuCynNm7SyEGC+yd/adYQvhaQyudZa5HW/8eFkLx8FRcIQkEkSqLBkHf9VpwjnTDBVlwQ==",
      "cpu": [
        "x64"
      ],
      "dev": true,
      "optional": true,
      "os": [
        "win32"
      ],
      "engines": {
        "node": ">= 10"
      }
    }
  },
  "dependencies": {
    "@tauri-apps/cli": {
      "version": "2.0.0-beta.12",
      "resolved": "https://registry.npmjs.org/@tauri-apps/cli/-/cli-2.0.0-beta.12.tgz",
      "integrity": "sha512-MFh4Z093O+PXWI6KFR8E2zIOgpJ4zL8waDhFXVQgBpqiD4ieiqywjmbmNIWkVqYBGAia7ZI0juxpkZSyXT4f1A==",
      "dev": true,
      "requires": {
        "@tauri-apps/cli-darwin-arm64": "2.0.0-beta.12",
        "@tauri-apps/cli-darwin-x64": "2.0.0-beta.12",
        "@tauri-apps/cli-linux-arm-gnueabihf": "2.0.0-beta.12",
        "@tauri-apps/cli-linux-arm64-gnu": "2.0.0-beta.12",
        "@tauri-apps/cli-linux-arm64-musl": "2.0.0-beta.12",
        "@tauri-apps/cli-linux-x64-gnu": "2.0.0-beta.12",
        "@tauri-apps/cli-linux-x64-musl": "2.0.0-beta.12",
        "@tauri-apps/cli-win32-arm64-msvc": "2.0.0-beta.12",
        "@tauri-apps/cli-win32-ia32-msvc": "2.0.0-beta.12",
        "@tauri-apps/cli-win32-x64-msvc": "2.0.0-beta.12"
      }
    },
    "@tauri-apps/cli-darwin-arm64": {
      "version": "2.0.0-beta.12",
      "resolved": "https://registry.npmjs.org/@tauri-apps/cli-darwin-arm64/-/cli-darwin-arm64-2.0.0-beta.12.tgz",
      "integrity": "sha512-+Ksrxc4QQE1R62OreCybM8PNnF090qhf+ZeRZTZ9JxOujz4Tq/RiE1vC5nRlDu+Cd3pL63fZ2TsANj2PnpN+qw==",
      "dev": true,
      "optional": true
    },
    "@tauri-apps/cli-darwin-x64": {
      "version": "2.0.0-beta.12",
      "resolved": "https://registry.npmjs.org/@tauri-apps/cli-darwin-x64/-/cli-darwin-x64-2.0.0-beta.12.tgz",
      "integrity": "sha512-KEkcJp7jfWMEiRFTJ3/yJhy8EFwgJPNGnNYjKTD5CAba9wMexxs23U7YLAWdSNrbSgPAox0pBqXaSj6p2HH0Wg==",
      "dev": true,
      "optional": true
    },
    "@tauri-apps/cli-linux-arm-gnueabihf": {
      "version": "2.0.0-beta.12",
      "resolved": "https://registry.npmjs.org/@tauri-apps/cli-linux-arm-gnueabihf/-/cli-linux-arm-gnueabihf-2.0.0-beta.12.tgz",
      "integrity": "sha512-EUDen1XNF/WfG5hjTZ6P/8IcpYPFm2Ox/FwlBPlePKZJrc+/3IveME/oyC3wrloscodV41yL2ise4SZuJtNAHA==",
      "dev": true,
      "optional": true
    },
    "@tauri-apps/cli-linux-arm64-gnu": {
      "version": "2.0.0-beta.12",
      "resolved": "https://registry.npmjs.org/@tauri-apps/cli-linux-arm64-gnu/-/cli-linux-arm64-gnu-2.0.0-beta.12.tgz",
      "integrity": "sha512-VUhCBB6kaQmi7MyXTRccqemmz7s5n15Z718OIW1n6wI68oh0IsvC9KsrbDfgOLZVG6RXzmtzyXwnaIFQAgl+Cg==",
      "dev": true,
      "optional": true
    },
    "@tauri-apps/cli-linux-arm64-musl": {
      "version": "2.0.0-beta.12",
      "resolved": "https://registry.npmjs.org/@tauri-apps/cli-linux-arm64-musl/-/cli-linux-arm64-musl-2.0.0-beta.12.tgz",
      "integrity": "sha512-eus/fGCQZPcvwEa2HH2TJh1Xb2FeeVrnxL6lQseLPkgD7Wcu5mWz07AlLCMDOreUobb5vyOmm0L7d1HMIPrvEQ==",
      "dev": true,
      "optional": true
    },
    "@tauri-apps/cli-linux-x64-gnu": {
      "version": "2.0.0-beta.12",
      "resolved": "https://registry.npmjs.org/@tauri-apps/cli-linux-x64-gnu/-/cli-linux-x64-gnu-2.0.0-beta.12.tgz",
      "integrity": "sha512-C4SkDnjuhFSdSgsK8KNRj2b/oe/j1vrvI8+ZxUj+/o1jK71A2eiCN8pJlyMZYCN8wZUksGazxaFz62g0jceAEg==",
      "dev": true,
      "optional": true
    },
    "@tauri-apps/cli-linux-x64-musl": {
      "version": "2.0.0-beta.12",
      "resolved": "https://registry.npmjs.org/@tauri-apps/cli-linux-x64-musl/-/cli-linux-x64-musl-2.0.0-beta.12.tgz",
      "integrity": "sha512-V8NlJ8wgNcMfKTGOubgfjRyyJVQsZxpOZkGjdfn/YK0UNdOC6iLuqxIki47hbnoJMqvuxa37lr7Z1JVawOMUyw==",
      "dev": true,
      "optional": true
    },
    "@tauri-apps/cli-win32-arm64-msvc": {
      "version": "2.0.0-beta.12",
      "resolved": "https://registry.npmjs.org/@tauri-apps/cli-win32-arm64-msvc/-/cli-win32-arm64-msvc-2.0.0-beta.12.tgz",
      "integrity": "sha512-dIsE5U4JRoVImW0PX9K82/dMjwugqc3DmgKbFKLYXgTFmSNaTNdojI/5VOPmbOIMJ8BNGDF8sjS80I0PZuEqvw==",
      "dev": true,
      "optional": true
    },
    "@tauri-apps/cli-win32-ia32-msvc": {
      "version": "2.0.0-beta.12",
      "resolved": "https://registry.npmjs.org/@tauri-apps/cli-win32-ia32-msvc/-/cli-win32-ia32-msvc-2.0.0-beta.12.tgz",
      "integrity": "sha512-vTNrGzVV/LclD+4u+IOOwl1Ia2CqwZYK6AmMLp0ROLzbSn/9ROJJYe47V5VAZrnMjThEdb9fRL0FPYPk9yDaNA==",
      "dev": true,
      "optional": true
    },
    "@tauri-apps/cli-win32-x64-msvc": {
      "version": "2.0.0-beta.12",
      "resolved": "https://registry.npmjs.org/@tauri-apps/cli-win32-x64-msvc/-/cli-win32-x64-msvc-2.0.0-beta.12.tgz",
      "integrity": "sha512-Z/++lJ1FraoN1ZaNxYuCynNm7SyEGC+yd/adYQvhaQyudZa5HW/8eFkLx8FRcIQkEkSqLBkHf9VpwjnTDBVlwQ==",
      "dev": true,
      "optional": true
    }
  }
}
